<?xml version="1.0" encoding="utf-8"?>
<Project ToolsVersion="4.0" xmlns="http://schemas.microsoft.com/developer/msbuild/2003">
  <ItemGroup>
    <Filter Include="Source Files">
      <UniqueIdentifier>{4FC737F1-C7A5-4376-A066-2A32D752A2FF}</UniqueIdentifier>
      <Extensions>cpp;c;cc;cxx;def;odl;idl;hpj;bat;asm;asmx</Extensions>
    </Filter>
    <Filter Include="Header Files">
      <UniqueIdentifier>{93995380-89BD-4b04-88EB-625FBE52EBFB}</UniqueIdentifier>
      <Extensions>h;hh;hpp;hxx;hm;inl;inc;xsd</Extensions>
    </Filter>
    <Filter Include="Resource Files">
      <UniqueIdentifier>{67DA6AB6-F800-4c08-8B7A-83BB121AAD01}</UniqueIdentifier>
      <Extensions>rc;ico;cur;bmp;dlg;rc2;rct;bin;rgs;gif;jpg;jpeg;jpe;resx;tiff;tif;png;wav</Extensions>
    </Filter>
  </ItemGroup>
  <ItemGroup>
    <ClCompile Include="comboboxwithlbandcbandmessages\ComboBitmap.cpp">
      <Filter>Source Files</Filter>
    </ClCompile>
    <ClCompile Include="comboboxwithlbandcbandmessages\ComboBoxItem.cpp">
      <Filter>Source Files</Filter>
    </ClCompile>
    <ClCompile Include="comboboxwithlbandcbandmessages\ComboBoxwithLBandCheckBox.cpp">
      <Filter>Source Files</Filter>
    </ClCompile>
    <ClCompile Include="comboboxwithlbandcbandmessages\ComboBoxwithLBandCheckBoxDlg.cpp">
      <Filter>Source Files</Filter>
    </ClCompile>
    <ClCompile Include="comboboxwithlbandcbandmessages\MyListBox.cpp">
      <Filter>Source Files</Filter>
    </ClCompile>
    <ClCompile Include="comboboxwithlbandcbandmessages\stdafx.cpp">
      <Filter>Source Files</Filter>
    </ClCompile>
  </ItemGroup>
  <ItemGroup>
    <ClInclude Include="comboboxwithlbandcbandmessages\ComboBitmap.h">
      <Filter>Header Files</Filter>
    </ClInclude>
    <ClInclude Include="comboboxwithlbandcbandmessages\ComboBoxItem.h">
      <Filter>Header Files</Filter>
    </ClInclude>
    <ClInclude Include="comboboxwithlbandcbandmessages\ComboBoxwithLBandCheckBox.h">
      <Filter>Header Files</Filter>
    </ClInclude>
    <ClInclude Include="comboboxwithlbandcbandmessages\ComboBoxwithLBandCheckBoxDlg.h">
      <Filter>Header Files</Filter>
    </ClInclude>
    <ClInclude Include="comboboxwithlbandcbandmessages\MyListBox.h">
      <Filter>Header Files</Filter>
    </ClInclude>
    <ClInclude Include="comboboxwithlbandcbandmessages\resource.h">
      <Filter>Header Files</Filter>
    </ClInclude>
    <ClInclude Include="comboboxwithlbandcbandmessages\stdafx.h">
      <Filter>Header Files</Filter>
    </ClInclude>
    <ClInclude Include="comboboxwithlbandcbandmessages\targetver.h">
      <Filter>Header Files</Filter>
    </ClInclude>
  </ItemGroup>
  <ItemGroup>
    <ResourceCompile Include="comboboxwithlbandcbandmessages\ComboBoxwithLBandCheckBox.rc">
      <Filter>Resource Files</Filter>
    </ResourceCompile>
  </ItemGroup>
  <ItemGroup>
    <None Include="comboboxwithlbandcbandmessages\res\ComboBoxwithLBandCheckBox.rc2">
      <Filter>Resource Files</Filter>
    </None>
  </ItemGroup>
</Project>